{
  "name": "Test",
  "lockfileVersion": 3,
  "requires": true,
  "packages": {
    "": {
      "dependencies": {
        "areacirculo_kevin": "^1.0.0"
      }
    },
    "node_modules/areacirculo_kevin": {
      "version": "1.0.0",
      "resolved": "https://registry.npmjs.org/areacirculo_kevin/-/areacirculo_kevin-1.0.0.tgz",
      "integrity": "sha512-m5Sadc4/CmVYUwU4QGeDvEEKPK7lHJ8cBvJxLMZZzV02bxA2mhO8gvA+Lz7aDi9ACMb+lbOodhjLyZ274ylFMg=="
    }
  }
}
